
Microsoft Visual Studio Solution File, Format Version 12.00
# Visual Studio Version 16
VisualStudioVersion = 16.0.31424.327
MinimumVisualStudioVersion = 10.0.40219.1
Project("{FAE04EC0-301F-11D3-BF4B-00C04F79EFBC}") = "SessionObjApp", "SessionObjApp\SessionObjApp.csproj", "{4D02C5E8-7D2F-480E-9E44-B0EC936091BA}"
EndProject
Global
	GlobalSection(SolutionConfigurationPlatforms) = preSolution
		Debug|Any CPU = Debug|Any CPU
		Release|Any CPU = Release|Any CPU
	EndGlobalSection
	GlobalSection(ProjectConfigurationPlatforms) = postSolution
		{4D02C5E8-7D2F-480E-9E44-B0EC936091BA}.Debug|Any CPU.ActiveCfg = Debug|Any CPU
		{4D02C5E8-7D2F-480E-9E44-B0EC936091BA}.Debug|Any CPU.Build.0 = Debug|Any CPU
		{4D02C5E8-7D2F-480E-9E44-B0EC936091BA}.Release|Any CPU.ActiveCfg = Release|Any CPU
		{4D02C5E8-7D2F-480E-9E44-B0EC936091BA}.Release|Any CPU.Build.0 = Release|Any CPU
	EndGlobalSection
	GlobalSection(SolutionProperties) = preSolution
		HideSolutionNode = FALSE
	EndGlobalSection
	GlobalSection(ExtensibilityGlobals) = postSolution
		SolutionGuid = {350F02DB-CA58-476F-8616-4631AA93C471}
	EndGlobalSection
EndGlobal
