
Microsoft Visual Studio Solution File, Format Version 12.00
# Visual Studio Version 16
VisualStudioVersion = 16.0.31424.327
MinimumVisualStudioVersion = 10.0.40219.1
Project("{FAE04EC0-301F-11D3-BF4B-00C04F79EFBC}") = "CustomerCRUDApp", "CustomerCRUDApp\CustomerCRUDApp.csproj", "{09849E2B-DA30-412F-ABC2-68AF8358EC8D}"
EndProject
Project("{FAE04EC0-301F-11D3-BF4B-00C04F79EFBC}") = "CustomerCRUDCoreLib", "CustomerCRUDCoreLib\CustomerCRUDCoreLib.csproj", "{3DD2A48D-A487-4925-B3B8-8C4E3CC58B4E}"
EndProject
Global
	GlobalSection(SolutionConfigurationPlatforms) = preSolution
		Debug|Any CPU = Debug|Any CPU
		Release|Any CPU = Release|Any CPU
	EndGlobalSection
	GlobalSection(ProjectConfigurationPlatforms) = postSolution
		{09849E2B-DA30-412F-ABC2-68AF8358EC8D}.Debug|Any CPU.ActiveCfg = Debug|Any CPU
		{09849E2B-DA30-412F-ABC2-68AF8358EC8D}.Debug|Any CPU.Build.0 = Debug|Any CPU
		{09849E2B-DA30-412F-ABC2-68AF8358EC8D}.Release|Any CPU.ActiveCfg = Release|Any CPU
		{09849E2B-DA30-412F-ABC2-68AF8358EC8D}.Release|Any CPU.Build.0 = Release|Any CPU
		{3DD2A48D-A487-4925-B3B8-8C4E3CC58B4E}.Debug|Any CPU.ActiveCfg = Debug|Any CPU
		{3DD2A48D-A487-4925-B3B8-8C4E3CC58B4E}.Debug|Any CPU.Build.0 = Debug|Any CPU
		{3DD2A48D-A487-4925-B3B8-8C4E3CC58B4E}.Release|Any CPU.ActiveCfg = Release|Any CPU
		{3DD2A48D-A487-4925-B3B8-8C4E3CC58B4E}.Release|Any CPU.Build.0 = Release|Any CPU
	EndGlobalSection
	GlobalSection(SolutionProperties) = preSolution
		HideSolutionNode = FALSE
	EndGlobalSection
	GlobalSection(ExtensibilityGlobals) = postSolution
		SolutionGuid = {ECB3279E-8129-4C4A-A678-208FA7F3B360}
	EndGlobalSection
EndGlobal
