
Microsoft Visual Studio Solution File, Format Version 12.00
# Visual Studio Version 16
VisualStudioVersion = 16.0.31424.327
MinimumVisualStudioVersion = 10.0.40219.1
Project("{FAE04EC0-301F-11D3-BF4B-00C04F79EFBC}") = "TempletMvcApp", "TempletMvcApp\TempletMvcApp.csproj", "{16D40BED-0569-4C8C-9C1B-091213604786}"
EndProject
Global
	GlobalSection(SolutionConfigurationPlatforms) = preSolution
		Debug|Any CPU = Debug|Any CPU
		Release|Any CPU = Release|Any CPU
	EndGlobalSection
	GlobalSection(ProjectConfigurationPlatforms) = postSolution
		{16D40BED-0569-4C8C-9C1B-091213604786}.Debug|Any CPU.ActiveCfg = Debug|Any CPU
		{16D40BED-0569-4C8C-9C1B-091213604786}.Debug|Any CPU.Build.0 = Debug|Any CPU
		{16D40BED-0569-4C8C-9C1B-091213604786}.Release|Any CPU.ActiveCfg = Release|Any CPU
		{16D40BED-0569-4C8C-9C1B-091213604786}.Release|Any CPU.Build.0 = Release|Any CPU
	EndGlobalSection
	GlobalSection(SolutionProperties) = preSolution
		HideSolutionNode = FALSE
	EndGlobalSection
	GlobalSection(ExtensibilityGlobals) = postSolution
		SolutionGuid = {DF63BB89-5E92-465C-A67F-6D0D26AEB562}
	EndGlobalSection
EndGlobal
