
Microsoft Visual Studio Solution File, Format Version 12.00
# Visual Studio Version 16
VisualStudioVersion = 16.0.31424.327
MinimumVisualStudioVersion = 10.0.40219.1
Project("{FAE04EC0-301F-11D3-BF4B-00C04F79EFBC}") = "BankMvcApp", "BankMvcApp\BankMvcApp.csproj", "{6B9AC815-57C6-4015-9179-4D9078112DE4}"
EndProject
Project("{FAE04EC0-301F-11D3-BF4B-00C04F79EFBC}") = "BankMvcCoreLib", "BankMvcCoreLib\BankMvcCoreLib.csproj", "{FB687692-145F-45C9-8D32-D107742CD165}"
EndProject
Global
	GlobalSection(SolutionConfigurationPlatforms) = preSolution
		Debug|Any CPU = Debug|Any CPU
		Release|Any CPU = Release|Any CPU
	EndGlobalSection
	GlobalSection(ProjectConfigurationPlatforms) = postSolution
		{6B9AC815-57C6-4015-9179-4D9078112DE4}.Debug|Any CPU.ActiveCfg = Debug|Any CPU
		{6B9AC815-57C6-4015-9179-4D9078112DE4}.Debug|Any CPU.Build.0 = Debug|Any CPU
		{6B9AC815-57C6-4015-9179-4D9078112DE4}.Release|Any CPU.ActiveCfg = Release|Any CPU
		{6B9AC815-57C6-4015-9179-4D9078112DE4}.Release|Any CPU.Build.0 = Release|Any CPU
		{FB687692-145F-45C9-8D32-D107742CD165}.Debug|Any CPU.ActiveCfg = Debug|Any CPU
		{FB687692-145F-45C9-8D32-D107742CD165}.Debug|Any CPU.Build.0 = Debug|Any CPU
		{FB687692-145F-45C9-8D32-D107742CD165}.Release|Any CPU.ActiveCfg = Release|Any CPU
		{FB687692-145F-45C9-8D32-D107742CD165}.Release|Any CPU.Build.0 = Release|Any CPU
	EndGlobalSection
	GlobalSection(SolutionProperties) = preSolution
		HideSolutionNode = FALSE
	EndGlobalSection
	GlobalSection(ExtensibilityGlobals) = postSolution
		SolutionGuid = {FDA3B4FA-3E36-4116-89A5-2F8C9F989DEF}
	EndGlobalSection
EndGlobal
