
Microsoft Visual Studio Solution File, Format Version 12.00
# Visual Studio Version 16
VisualStudioVersion = 16.0.31424.327
MinimumVisualStudioVersion = 10.0.40219.1
Project("{FAE04EC0-301F-11D3-BF4B-00C04F79EFBC}") = "ServerSideAuthApp", "ServerSideAuthApp\ServerSideAuthApp.csproj", "{B5B2CC45-394A-4BD4-A6E3-D2670FEFCE88}"
EndProject
Global
	GlobalSection(SolutionConfigurationPlatforms) = preSolution
		Debug|Any CPU = Debug|Any CPU
		Release|Any CPU = Release|Any CPU
	EndGlobalSection
	GlobalSection(ProjectConfigurationPlatforms) = postSolution
		{B5B2CC45-394A-4BD4-A6E3-D2670FEFCE88}.Debug|Any CPU.ActiveCfg = Debug|Any CPU
		{B5B2CC45-394A-4BD4-A6E3-D2670FEFCE88}.Debug|Any CPU.Build.0 = Debug|Any CPU
		{B5B2CC45-394A-4BD4-A6E3-D2670FEFCE88}.Release|Any CPU.ActiveCfg = Release|Any CPU
		{B5B2CC45-394A-4BD4-A6E3-D2670FEFCE88}.Release|Any CPU.Build.0 = Release|Any CPU
	EndGlobalSection
	GlobalSection(SolutionProperties) = preSolution
		HideSolutionNode = FALSE
	EndGlobalSection
	GlobalSection(ExtensibilityGlobals) = postSolution
		SolutionGuid = {126C7492-5E7C-44DA-81E0-DAD2708A25C9}
	EndGlobalSection
EndGlobal
