
Microsoft Visual Studio Solution File, Format Version 12.00
# Visual Studio Version 16
VisualStudioVersion = 16.0.31424.327
MinimumVisualStudioVersion = 10.0.40219.1
Project("{FAE04EC0-301F-11D3-BF4B-00C04F79EFBC}") = "WelcomeMvcAp", "WelcomeMvcAp\WelcomeMvcAp.csproj", "{3DA5B87C-6622-410B-8C56-58D08BCDA234}"
EndProject
Global
	GlobalSection(SolutionConfigurationPlatforms) = preSolution
		Debug|Any CPU = Debug|Any CPU
		Release|Any CPU = Release|Any CPU
	EndGlobalSection
	GlobalSection(ProjectConfigurationPlatforms) = postSolution
		{3DA5B87C-6622-410B-8C56-58D08BCDA234}.Debug|Any CPU.ActiveCfg = Debug|Any CPU
		{3DA5B87C-6622-410B-8C56-58D08BCDA234}.Debug|Any CPU.Build.0 = Debug|Any CPU
		{3DA5B87C-6622-410B-8C56-58D08BCDA234}.Release|Any CPU.ActiveCfg = Release|Any CPU
		{3DA5B87C-6622-410B-8C56-58D08BCDA234}.Release|Any CPU.Build.0 = Release|Any CPU
	EndGlobalSection
	GlobalSection(SolutionProperties) = preSolution
		HideSolutionNode = FALSE
	EndGlobalSection
	GlobalSection(ExtensibilityGlobals) = postSolution
		SolutionGuid = {FEC466A4-B020-4D70-BE07-DEDC9D12C4D7}
	EndGlobalSection
EndGlobal
